
Microsoft Visual Studio Solution File, Format Version 12.00
# Visual Studio Version 16
VisualStudioVersion = 16.0.29609.76
MinimumVisualStudioVersion = 10.0.40219.1
Project("{FAE04EC0-301F-11D3-BF4B-00C04F79EFBC}") = "Custodial.Addressing.Service", "Custodial.Addressing.Service\Custodial.Addressing.Service.csproj", "{4F9C90A6-5B35-472D-A2B7-95983E6498C0}"
EndProject
Project("{FAE04EC0-301F-11D3-BF4B-00C04F79EFBC}") = "UnitTests", "UnitTests\UnitTests.csproj", "{3C1B008E-06E6-47B6-AD26-3EE92DB52FA7}"
EndProject
Project("{2150E333-8FDC-42A3-9474-1A3956D46DE8}") = "Tests", "Tests", "{4DDC24E2-7250-4351-9B3E-D28E368420F4}"
EndProject
Global
	GlobalSection(SolutionConfigurationPlatforms) = preSolution
		Debug|Any CPU = Debug|Any CPU
		Release|Any CPU = Release|Any CPU
	EndGlobalSection
	GlobalSection(ProjectConfigurationPlatforms) = postSolution
		{4F9C90A6-5B35-472D-A2B7-95983E6498C0}.Debug|Any CPU.ActiveCfg = Debug|Any CPU
		{4F9C90A6-5B35-472D-A2B7-95983E6498C0}.Debug|Any CPU.Build.0 = Debug|Any CPU
		{4F9C90A6-5B35-472D-A2B7-95983E6498C0}.Release|Any CPU.ActiveCfg = Release|Any CPU
		{4F9C90A6-5B35-472D-A2B7-95983E6498C0}.Release|Any CPU.Build.0 = Release|Any CPU
		{3C1B008E-06E6-47B6-AD26-3EE92DB52FA7}.Debug|Any CPU.ActiveCfg = Debug|Any CPU
		{3C1B008E-06E6-47B6-AD26-3EE92DB52FA7}.Debug|Any CPU.Build.0 = Debug|Any CPU
		{3C1B008E-06E6-47B6-AD26-3EE92DB52FA7}.Release|Any CPU.ActiveCfg = Release|Any CPU
		{3C1B008E-06E6-47B6-AD26-3EE92DB52FA7}.Release|Any CPU.Build.0 = Release|Any CPU
	EndGlobalSection
	GlobalSection(SolutionProperties) = preSolution
		HideSolutionNode = FALSE
	EndGlobalSection
	GlobalSection(NestedProjects) = preSolution
		{3C1B008E-06E6-47B6-AD26-3EE92DB52FA7} = {4DDC24E2-7250-4351-9B3E-D28E368420F4}
	EndGlobalSection
	GlobalSection(ExtensibilityGlobals) = postSolution
		SolutionGuid = {40F5C274-AE89-4F0E-82F8-6D2CA78D832A}
	EndGlobalSection
EndGlobal
