
Microsoft Visual Studio Solution File, Format Version 12.00
# Visual Studio Version 16
VisualStudioVersion = 16.0.29609.76
MinimumVisualStudioVersion = 10.0.40219.1
Project("{FAE04EC0-301F-11D3-BF4B-00C04F79EFBC}") = "Custodial.Services.Building", "Custodial.Services.Building\Custodial.Services.Building.csproj", "{CA87BF03-1242-4692-8DDC-64A92B944EB8}"
EndProject
Global
	GlobalSection(SolutionConfigurationPlatforms) = preSolution
		Debug|Any CPU = Debug|Any CPU
		Release|Any CPU = Release|Any CPU
	EndGlobalSection
	GlobalSection(ProjectConfigurationPlatforms) = postSolution
		{CA87BF03-1242-4692-8DDC-64A92B944EB8}.Debug|Any CPU.ActiveCfg = Debug|Any CPU
		{CA87BF03-1242-4692-8DDC-64A92B944EB8}.Debug|Any CPU.Build.0 = Debug|Any CPU
		{CA87BF03-1242-4692-8DDC-64A92B944EB8}.Release|Any CPU.ActiveCfg = Release|Any CPU
		{CA87BF03-1242-4692-8DDC-64A92B944EB8}.Release|Any CPU.Build.0 = Release|Any CPU
	EndGlobalSection
	GlobalSection(SolutionProperties) = preSolution
		HideSolutionNode = FALSE
	EndGlobalSection
	GlobalSection(ExtensibilityGlobals) = postSolution
		SolutionGuid = {E007EB27-D809-49D0-833F-E5B2DD6C4268}
	EndGlobalSection
EndGlobal
